{
  "name": "@lahirwisada/lws-env",
  "version": "1.0.0",
  "lockfileVersion": 2,
  "requires": true,
  "packages": {
    "": {
      "name": "@lahirwisada/lws-env",
      "version": "1.0.0",
      "license": "ISC",
      "dependencies": {
        "envy": "^2.0.0"
      }
    },
    "node_modules/camelcase": {
      "version": "5.3.1",
      "resolved": "https://registry.npmjs.org/camelcase/-/camelcase-5.3.1.tgz",
      "integrity": "sha512-L28STB170nwWS63UjtlEOE3dldQApaJXZkOI1uMFfzf3rRuPegHaHesyee+YxQ+W6SvRDQV6UrdOdRiR153wJg==",
      "engines": {
        "node": ">=6"
      }
    },
    "node_modules/camelcase-keys": {
      "version": "5.2.0",
      "resolved": "https://registry.npmjs.org/camelcase-keys/-/camelcase-keys-5.2.0.tgz",
      "integrity": "sha512-mSM/OQKD1HS5Ll2AXxeaHSdqCGC/QQ8IrgTbKYA/rxnC36thBKysfIr9+OVBWuW17jyZF4swHkjtglawgBmVFg==",
      "dependencies": {
        "camelcase": "^5.3.1",
        "map-obj": "^3.0.0",
        "quick-lru": "^1.0.0"
      },
      "engines": {
        "node": ">=6"
      }
    },
    "node_modules/envy": {
      "version": "2.0.0",
      "resolved": "https://registry.npmjs.org/envy/-/envy-2.0.0.tgz",
      "integrity": "sha512-jNGMPzaDCfTsaW1Mp4nPyZ4HM3tnKNxOiMLPN7pi5LAgeHo7pHdJPdCHfQuLBZGK+Ok8Nc9Z3Py+ebKM3n3BgQ==",
      "dependencies": {
        "camelcase": "^5.0.0",
        "camelcase-keys": "^5.0.0",
        "filter-obj": "^1.1.0",
        "is-wsl": "^1.1.0",
        "path-type": "^3.0.0"
      },
      "engines": {
        "node": ">=8"
      }
    },
    "node_modules/filter-obj": {
      "version": "1.1.0",
      "resolved": "https://registry.npmjs.org/filter-obj/-/filter-obj-1.1.0.tgz",
      "integrity": "sha512-8rXg1ZnX7xzy2NGDVkBVaAy+lSlPNwad13BtgSlLuxfIslyt5Vg64U7tFcCt4WS1R0hvtnQybT/IyCkGZ3DpXQ==",
      "engines": {
        "node": ">=0.10.0"
      }
    },
    "node_modules/is-wsl": {
      "version": "1.1.0",
      "resolved": "https://registry.npmjs.org/is-wsl/-/is-wsl-1.1.0.tgz",
      "integrity": "sha512-gfygJYZ2gLTDlmbWMI0CE2MwnFzSN/2SZfkMlItC4K/JBlsWVDB0bO6XhqcY13YXE7iMcAJnzTCJjPiTeJJ0Mw==",
      "engines": {
        "node": ">=4"
      }
    },
    "node_modules/map-obj": {
      "version": "3.1.0",
      "resolved": "https://registry.npmjs.org/map-obj/-/map-obj-3.1.0.tgz",
      "integrity": "sha512-Xg1iyYz/+iIW6YoMldux47H/e5QZyDSB41Kb0ev+YYHh3FJnyyzY0vTk/WbVeWcCvdXd70cOriUBmhP8alUFBA==",
      "engines": {
        "node": ">=6"
      }
    },
    "node_modules/path-type": {
      "version": "3.0.0",
      "resolved": "https://registry.npmjs.org/path-type/-/path-type-3.0.0.tgz",
      "integrity": "sha512-T2ZUsdZFHgA3u4e5PfPbjd7HDDpxPnQb5jN0SrDsjNSuVXHJqtwTnWqG0B1jZrgmJ/7lj1EmVIByWt1gxGkWvg==",
      "dependencies": {
        "pify": "^3.0.0"
      },
      "engines": {
        "node": ">=4"
      }
    },
    "node_modules/pify": {
      "version": "3.0.0",
      "resolved": "https://registry.npmjs.org/pify/-/pify-3.0.0.tgz",
      "integrity": "sha512-C3FsVNH1udSEX48gGX1xfvwTWfsYWj5U+8/uK15BGzIGrKoUpghX8hWZwa/OFnakBiiVNmBvemTJR5mcy7iPcg==",
      "engines": {
        "node": ">=4"
      }
    },
    "node_modules/quick-lru": {
      "version": "1.1.0",
      "resolved": "https://registry.npmjs.org/quick-lru/-/quick-lru-1.1.0.tgz",
      "integrity": "sha512-tRS7sTgyxMXtLum8L65daJnHUhfDUgboRdcWW2bR9vBfrj2+O5HSMbQOJfJJjIVSPFqbBCF37FpwWXGitDc5tA==",
      "engines": {
        "node": ">=4"
      }
    }
  },
  "dependencies": {
    "camelcase": {
      "version": "5.3.1",
      "resolved": "https://registry.npmjs.org/camelcase/-/camelcase-5.3.1.tgz",
      "integrity": "sha512-L28STB170nwWS63UjtlEOE3dldQApaJXZkOI1uMFfzf3rRuPegHaHesyee+YxQ+W6SvRDQV6UrdOdRiR153wJg=="
    },
    "camelcase-keys": {
      "version": "5.2.0",
      "resolved": "https://registry.npmjs.org/camelcase-keys/-/camelcase-keys-5.2.0.tgz",
      "integrity": "sha512-mSM/OQKD1HS5Ll2AXxeaHSdqCGC/QQ8IrgTbKYA/rxnC36thBKysfIr9+OVBWuW17jyZF4swHkjtglawgBmVFg==",
      "requires": {
        "camelcase": "^5.3.1",
        "map-obj": "^3.0.0",
        "quick-lru": "^1.0.0"
      }
    },
    "envy": {
      "version": "2.0.0",
      "resolved": "https://registry.npmjs.org/envy/-/envy-2.0.0.tgz",
      "integrity": "sha512-jNGMPzaDCfTsaW1Mp4nPyZ4HM3tnKNxOiMLPN7pi5LAgeHo7pHdJPdCHfQuLBZGK+Ok8Nc9Z3Py+ebKM3n3BgQ==",
      "requires": {
        "camelcase": "^5.0.0",
        "camelcase-keys": "^5.0.0",
        "filter-obj": "^1.1.0",
        "is-wsl": "^1.1.0",
        "path-type": "^3.0.0"
      }
    },
    "filter-obj": {
      "version": "1.1.0",
      "resolved": "https://registry.npmjs.org/filter-obj/-/filter-obj-1.1.0.tgz",
      "integrity": "sha512-8rXg1ZnX7xzy2NGDVkBVaAy+lSlPNwad13BtgSlLuxfIslyt5Vg64U7tFcCt4WS1R0hvtnQybT/IyCkGZ3DpXQ=="
    },
    "is-wsl": {
      "version": "1.1.0",
      "resolved": "https://registry.npmjs.org/is-wsl/-/is-wsl-1.1.0.tgz",
      "integrity": "sha512-gfygJYZ2gLTDlmbWMI0CE2MwnFzSN/2SZfkMlItC4K/JBlsWVDB0bO6XhqcY13YXE7iMcAJnzTCJjPiTeJJ0Mw=="
    },
    "map-obj": {
      "version": "3.1.0",
      "resolved": "https://registry.npmjs.org/map-obj/-/map-obj-3.1.0.tgz",
      "integrity": "sha512-Xg1iyYz/+iIW6YoMldux47H/e5QZyDSB41Kb0ev+YYHh3FJnyyzY0vTk/WbVeWcCvdXd70cOriUBmhP8alUFBA=="
    },
    "path-type": {
      "version": "3.0.0",
      "resolved": "https://registry.npmjs.org/path-type/-/path-type-3.0.0.tgz",
      "integrity": "sha512-T2ZUsdZFHgA3u4e5PfPbjd7HDDpxPnQb5jN0SrDsjNSuVXHJqtwTnWqG0B1jZrgmJ/7lj1EmVIByWt1gxGkWvg==",
      "requires": {
        "pify": "^3.0.0"
      }
    },
    "pify": {
      "version": "3.0.0",
      "resolved": "https://registry.npmjs.org/pify/-/pify-3.0.0.tgz",
      "integrity": "sha512-C3FsVNH1udSEX48gGX1xfvwTWfsYWj5U+8/uK15BGzIGrKoUpghX8hWZwa/OFnakBiiVNmBvemTJR5mcy7iPcg=="
    },
    "quick-lru": {
      "version": "1.1.0",
      "resolved": "https://registry.npmjs.org/quick-lru/-/quick-lru-1.1.0.tgz",
      "integrity": "sha512-tRS7sTgyxMXtLum8L65daJnHUhfDUgboRdcWW2bR9vBfrj2+O5HSMbQOJfJJjIVSPFqbBCF37FpwWXGitDc5tA=="
    }
  }
}
